{
  "name": "fork-pty-example",
  "version": "1.0.0",
  "lockfileVersion": 2,
  "requires": true,
  "packages": {
    "": {
      "name": "fork-pty-example",
      "version": "1.0.0",
      "license": "MIT",
      "dependencies": {
        "fork-pty": "../"
      }
    },
    "..": {
      "version": "0.0.12",
      "hasInstallScript": true,
      "license": "MIT",
      "dependencies": {
        "bindings": "^1.5.0"
      },
      "devDependencies": {
        "@types/jest": "^26.0.23",
        "jest": "^26.6.3",
        "prettier": "^2.3.0"
      }
    },
    "node_modules/fork-pty": {
      "resolved": "..",
      "link": true
    }
  },
  "dependencies": {
    "fork-pty": {
      "version": "file:..",
      "requires": {
        "@types/jest": "^26.0.23",
        "bindings": "^1.5.0",
        "jest": "^26.6.3",
        "prettier": "^2.3.0"
      }
    }
  }
}
